
Microsoft Visual Studio Solution File, Format Version 12.00
# Visual Studio Version 17
VisualStudioVersion = 17.14.36930.0 d17.14
MinimumVisualStudioVersion = 10.0.40219.1
Project("{FAE04EC0-301F-11D3-BF4B-00C04F79EFBC}") = "SECOND_TRY", "SECOND_TRY\SECOND_TRY.csproj", "{0E295C69-9D97-405A-B95D-83E4DCB483F2}"
EndProject
Global
	GlobalSection(SolutionConfigurationPlatforms) = preSolution
		Debug|Any CPU = Debug|Any CPU
		Release|Any CPU = Release|Any CPU
	EndGlobalSection
	GlobalSection(ProjectConfigurationPlatforms) = postSolution
		{0E295C69-9D97-405A-B95D-83E4DCB483F2}.Debug|Any CPU.ActiveCfg = Debug|Any CPU
		{0E295C69-9D97-405A-B95D-83E4DCB483F2}.Debug|Any CPU.Build.0 = Debug|Any CPU
		{0E295C69-9D97-405A-B95D-83E4DCB483F2}.Release|Any CPU.ActiveCfg = Release|Any CPU
		{0E295C69-9D97-405A-B95D-83E4DCB483F2}.Release|Any CPU.Build.0 = Release|Any CPU
	EndGlobalSection
	GlobalSection(SolutionProperties) = preSolution
		HideSolutionNode = FALSE
	EndGlobalSection
	GlobalSection(ExtensibilityGlobals) = postSolution
		SolutionGuid = {34605396-3112-4113-8588-80F332BA8905}
	EndGlobalSection
EndGlobal
